// !$*UTF8*$!
{
	archiveVersion = 1;
	classes = {
	};
	objectVersion = 77;
	objects = {

/* Begin PBXBuildFile section */
		F42945439690103C65AB2FB9 /* Pods_ios_simple.framework in Frameworks */ = {isa = PBXBuildFile; fileRef = A4F85B9E7EB51D3F130B808E /* Pods_ios_simple.framework */; };
/* End PBXBuildFile section */

/* Begin PBXContainerItemProxy section */
		2974E9CD2EDAE0D700C9096D /* PBXContainerItemProxy */ = {
			isa = PBXContainerItemProxy;
			containerPortal = 2974E9B32EDAE0D500C9096D /* Project object */;
			proxyType = 1;
			remoteGlobalIDString = 2974E9BA2EDAE0D500C9096D;
			remoteInfo = ios_simple;
		};
		2974E9D72EDAE0D700C9096D /* PBXContainerItemProxy */ = {
			isa = PBXContainerItemProxy;
			containerPortal = 2974E9B32EDAE0D500C9096D /* Project object */;
			proxyType = 1;
			remoteGlobalIDString = 2974E9BA2EDAE0D500C9096D;
			remoteInfo = ios_simple;
		};
/* End PBXContainerItemProxy section */

/* Begin PBXFileReference section */
		2974E9BB2EDAE0D500C9096D /* ios_simple.app */ = {isa = PBXFileReference; explicitFileType = wrapper.application; includeInIndex = 0; path = ios_simple.app; sourceTree = BUILT_PRODUCTS_DIR; };
		2974E9CC2EDAE0D700C9096D /* ios_simpleTests.xctest */ = {isa = PBXFileReference; explicitFileType = wrapper.cfbundle; includeInIndex = 0; path = ios_simpleTests.xctest; sourceTree = BUILT_PRODUCTS_DIR; };
		2974E9D62EDAE0D700C9096D /* ios_simpleUITests.xctest */ = {isa = PBXFileReference; explicitFileType = wrapper.cfbundle; includeInIndex = 0; path = ios_simpleUITests.xctest; sourceTree = BUILT_PRODUCTS_DIR; };
		6D606986C5E1442F017B69FD /* Pods-ios_simple.debug.xcconfig */ = {isa = PBXFileReference; includeInIndex = 1; lastKnownFileType = text.xcconfig; name = "Pods-ios_simple.debug.xcconfig"; path = "Target Support Files/Pods-ios_simple/Pods-ios_simple.debug.xcconfig"; sourceTree = "<group>"; };
		A4F85B9E7EB51D3F130B808E /* Pods_ios_simple.framework */ = {isa = PBXFileReference; explicitFileType = wrapper.framework; includeInIndex = 0; path = Pods_ios_simple.framework; sourceTree = BUILT_PRODUCTS_DIR; };
		B55575942BF5F2250B5B4F71 /* Pods-ios_simple.release.xcconfig */ = {isa = PBXFileReference; includeInIndex = 1; lastKnownFileType = text.xcconfig; name = "Pods-ios_simple.release.xcconfig"; path = "Target Support Files/Pods-ios_simple/Pods-ios_simple.release.xcconfig"; sourceTree = "<group>"; };
/* End PBXFileReference section */

/* Begin PBXFileSystemSynchronizedRootGroup section */
		2974E9BD2EDAE0D500C9096D /* ios_simple */ = {
			isa = PBXFileSystemSynchronizedRootGroup;
			exceptions = (
			);
			path = ios_simple;
			sourceTree = "<group>";
		};
		2974E9CF2EDAE0D700C9096D /* ios_simpleTests */ = {
			isa = PBXFileSystemSynchronizedRootGroup;
			exceptions = (
			);
			path = ios_simpleTests;
			sourceTree = "<group>";
		};
		2974E9D92EDAE0D700C9096D /* ios_simpleUITests */ = {
			isa = PBXFileSystemSynchronizedRootGroup;
			exceptions = (
			);
			path = ios_simpleUITests;
			sourceTree = "<group>";
		};
/* End PBXFileSystemSynchronizedRootGroup section */

/* Begin PBXFrameworksBuildPhase section */
		2974E9B82EDAE0D500C9096D /* Frameworks */ = {
			isa = PBXFrameworksBuildPhase;
			buildActionMask = 2147483647;
			files = (
				F42945439690103C65AB2FB9 /* Pods_ios_simple.framework in Frameworks */,
			);
			runOnlyForDeploymentPostprocessing = 0;
		};
		2974E9C92EDAE0D700C9096D /* Frameworks */ = {
			isa = PBXFrameworksBuildPhase;
			buildActionMask = 2147483647;
			files = (
			);
			runOnlyForDeploymentPostprocessing = 0;
		};
		2974E9D32EDAE0D700C9096D /* Frameworks */ = {
			isa = PBXFrameworksBuildPhase;
			buildActionMask = 2147483647;
			files = (
			);
			runOnlyForDeploymentPostprocessing = 0;
		};
/* End PBXFrameworksBuildPhase section */

/* Begin PBXGroup section */
		2974E9B22EDAE0D500C9096D = {
			isa = PBXGroup;
			children = (
				2974E9BD2EDAE0D500C9096D /* ios_simple */,
				2974E9CF2EDAE0D700C9096D /* ios_simpleTests */,
				2974E9D92EDAE0D700C9096D /* ios_simpleUITests */,
				2974E9BC2EDAE0D500C9096D /* Products */,
				A41E868C783E84920A905343 /* Pods */,
				5171A6CB27C0E79024EB6828 /* Frameworks */,
			);
			sourceTree = "<group>";
		};
		2974E9BC2EDAE0D500C9096D /* Products */ = {
			isa = PBXGroup;
			children = (
				2974E9BB2EDAE0D500C9096D /* ios_simple.app */,
				2974E9CC2EDAE0D700C9096D /* ios_simpleTests.xctest */,
				2974E9D62EDAE0D700C9096D /* ios_simpleUITests.xctest */,
			);
			name = Products;
			sourceTree = "<group>";
		};
		5171A6CB27C0E79024EB6828 /* Frameworks */ = {
			isa = PBXGroup;
			children = (
				A4F85B9E7EB51D3F130B808E /* Pods_ios_simple.framework */,
			);
			name = Frameworks;
			sourceTree = "<group>";
		};
		A41E868C783E84920A905343 /* Pods */ = {
			isa = PBXGroup;
			children = (
				6D606986C5E1442F017B69FD /* Pods-ios_simple.debug.xcconfig */,
				B55575942BF5F2250B5B4F71 /* Pods-ios_simple.release.xcconfig */,
			);
			path = Pods;
			sourceTree = "<group>";
		};
/* End PBXGroup section */

/* Begin PBXNativeTarget section */
		2974E9BA2EDAE0D500C9096D /* ios_simple */ = {
			isa = PBXNativeTarget;
			buildConfigurationList = 2974E9E02EDAE0D700C9096D /* Build configuration list for PBXNativeTarget "ios_simple" */;
			buildPhases = (
				18276AB500096D2899AC4FB0 /* [CP] Check Pods Manifest.lock */,
				CF3855D657F21E5F48ECEBB8 /* [CP-User] Run Flutter Build rs_booking Script */,
				2974E9B72EDAE0D500C9096D /* Sources */,
				2974E9B82EDAE0D500C9096D /* Frameworks */,
				2974E9B92EDAE0D500C9096D /* Resources */,
				C09D2FF83F8B2DDECEB0D6F8 /* [CP] Embed Pods Frameworks */,
				6D45C21FDCAEF29077EED5C7 /* [CP-User] Embed Flutter Build rs_booking Script */,
			);
			buildRules = (
			);
			dependencies = (
			);
			fileSystemSynchronizedGroups = (
				2974E9BD2EDAE0D500C9096D /* ios_simple */,
			);
			name = ios_simple;
			productName = ios_simple;
			productReference = 2974E9BB2EDAE0D500C9096D /* ios_simple.app */;
			productType = "com.apple.product-type.application";
		};
		2974E9CB2EDAE0D700C9096D /* ios_simpleTests */ = {
			isa = PBXNativeTarget;
			buildConfigurationList = 2974E9E32EDAE0D700C9096D /* Build configuration list for PBXNativeTarget "ios_simpleTests" */;
			buildPhases = (
				2974E9C82EDAE0D700C9096D /* Sources */,
				2974E9C92EDAE0D700C9096D /* Frameworks */,
				2974E9CA2EDAE0D700C9096D /* Resources */,
			);
			buildRules = (
			);
			dependencies = (
				2974E9CE2EDAE0D700C9096D /* PBXTargetDependency */,
			);
			fileSystemSynchronizedGroups = (
				2974E9CF2EDAE0D700C9096D /* ios_simpleTests */,
			);
			name = ios_simpleTests;
			productName = ios_simpleTests;
			productReference = 2974E9CC2EDAE0D700C9096D /* ios_simpleTests.xctest */;
			productType = "com.apple.product-type.bundle.unit-test";
		};
		2974E9D52EDAE0D700C9096D /* ios_simpleUITests */ = {
			isa = PBXNativeTarget;
			buildConfigurationList = 2974E9E62EDAE0D700C9096D /* Build configuration list for PBXNativeTarget "ios_simpleUITests" */;
			buildPhases = (
				2974E9D22EDAE0D700C9096D /* Sources */,
				2974E9D32EDAE0D700C9096D /* Frameworks */,
				2974E9D42EDAE0D700C9096D /* Resources */,
			);
			buildRules = (
			);
			dependencies = (
				2974E9D82EDAE0D700C9096D /* PBXTargetDependency */,
			);
			fileSystemSynchronizedGroups = (
				2974E9D92EDAE0D700C9096D /* ios_simpleUITests */,
			);
			name = ios_simpleUITests;
			productName = ios_simpleUITests;
			productReference = 2974E9D62EDAE0D700C9096D /* ios_simpleUITests.xctest */;
			productType = "com.apple.product-type.bundle.ui-testing";
		};
/* End PBXNativeTarget section */

/* Begin PBXProject section */
		2974E9B32EDAE0D500C9096D /* Project object */ = {
			isa = PBXProject;
			attributes = {
				BuildIndependentTargetsInParallel = 1;
				LastSwiftUpdateCheck = 1610;
				LastUpgradeCheck = 1610;
				TargetAttributes = {
					2974E9BA2EDAE0D500C9096D = {
						CreatedOnToolsVersion = 16.1;
					};
					2974E9CB2EDAE0D700C9096D = {
						CreatedOnToolsVersion = 16.1;
						TestTargetID = 2974E9BA2EDAE0D500C9096D;
					};
					2974E9D52EDAE0D700C9096D = {
						CreatedOnToolsVersion = 16.1;
						TestTargetID = 2974E9BA2EDAE0D500C9096D;
					};
				};
			};
			buildConfigurationList = 2974E9B62EDAE0D500C9096D /* Build configuration list for PBXProject "ios_simple" */;
			developmentRegion = en;
			hasScannedForEncodings = 0;
			knownRegions = (
				en,
				Base,
			);
			mainGroup = 2974E9B22EDAE0D500C9096D;
			minimizedProjectReferenceProxies = 1;
			preferredProjectObjectVersion = 77;
			productRefGroup = 2974E9BC2EDAE0D500C9096D /* Products */;
			projectDirPath = "";
			projectRoot = "";
			targets = (
				2974E9BA2EDAE0D500C9096D /* ios_simple */,
				2974E9CB2EDAE0D700C9096D /* ios_simpleTests */,
				2974E9D52EDAE0D700C9096D /* ios_simpleUITests */,
			);
		};
/* End PBXProject section */

/* Begin PBXResourcesBuildPhase section */
		2974E9B92EDAE0D500C9096D /* Resources */ = {
			isa = PBXResourcesBuildPhase;
			buildActionMask = 2147483647;
			files = (
			);
			runOnlyForDeploymentPostprocessing = 0;
		};
		2974E9CA2EDAE0D700C9096D /* Resources */ = {
			isa = PBXResourcesBuildPhase;
			buildActionMask = 2147483647;
			files = (
			);
			runOnlyForDeploymentPostprocessing = 0;
		};
		2974E9D42EDAE0D700C9096D /* Resources */ = {
			isa = PBXResourcesBuildPhase;
			buildActionMask = 2147483647;
			files = (
			);
			runOnlyForDeploymentPostprocessing = 0;
		};
/* End PBXResourcesBuildPhase section */

/* Begin PBXShellScriptBuildPhase section */
		18276AB500096D2899AC4FB0 /* [CP] Check Pods Manifest.lock */ = {
			isa = PBXShellScriptBuildPhase;
			buildActionMask = 2147483647;
			files = (
			);
			inputFileListPaths = (
			);
			inputPaths = (
				"${PODS_PODFILE_DIR_PATH}/Podfile.lock",
				"${PODS_ROOT}/Manifest.lock",
			);
			name = "[CP] Check Pods Manifest.lock";
			outputFileListPaths = (
			);
			outputPaths = (
				"$(DERIVED_FILE_DIR)/Pods-ios_simple-checkManifestLockResult.txt",
			);
			runOnlyForDeploymentPostprocessing = 0;
			shellPath = /bin/sh;
			shellScript = "diff \"${PODS_PODFILE_DIR_PATH}/Podfile.lock\" \"${PODS_ROOT}/Manifest.lock\" > /dev/null\nif [ $? != 0 ] ; then\n    # print error to STDERR\n    echo \"error: The sandbox is not in sync with the Podfile.lock. Run 'pod install' or update your CocoaPods installation.\" >&2\n    exit 1\nfi\n# This output is used by Xcode 'outputs' to avoid re-running this script phase.\necho \"SUCCESS\" > \"${SCRIPT_OUTPUT_FILE_0}\"\n";
			showEnvVarsInLog = 0;
		};
		6D45C21FDCAEF29077EED5C7 /* [CP-User] Embed Flutter Build rs_booking Script */ = {
			isa = PBXShellScriptBuildPhase;
			buildActionMask = 2147483647;
			files = (
			);
			name = "[CP-User] Embed Flutter Build rs_booking Script";
			runOnlyForDeploymentPostprocessing = 0;
			shellPath = /bin/sh;
			shellScript = "set -e\nset -u\nsource \"${SRCROOT}/../../rs-booking/.ios/Flutter/flutter_export_environment.sh\"\nexport VERBOSE_SCRIPT_LOGGING=1 && \"$FLUTTER_ROOT\"/packages/flutter_tools/bin/xcode_backend.sh embed_and_thin";
		};
		C09D2FF83F8B2DDECEB0D6F8 /* [CP] Embed Pods Frameworks */ = {
			isa = PBXShellScriptBuildPhase;
			buildActionMask = 2147483647;
			files = (
			);
			inputFileListPaths = (
				"${PODS_ROOT}/Target Support Files/Pods-ios_simple/Pods-ios_simple-frameworks-${CONFIGURATION}-input-files.xcfilelist",
			);
			name = "[CP] Embed Pods Frameworks";
			outputFileListPaths = (
				"${PODS_ROOT}/Target Support Files/Pods-ios_simple/Pods-ios_simple-frameworks-${CONFIGURATION}-output-files.xcfilelist",
			);
			runOnlyForDeploymentPostprocessing = 0;
			shellPath = /bin/sh;
			shellScript = "\"${PODS_ROOT}/Target Support Files/Pods-ios_simple/Pods-ios_simple-frameworks.sh\"\n";
			showEnvVarsInLog = 0;
		};
		CF3855D657F21E5F48ECEBB8 /* [CP-User] Run Flutter Build rs_booking Script */ = {
			isa = PBXShellScriptBuildPhase;
			buildActionMask = 2147483647;
			files = (
			);
			name = "[CP-User] Run Flutter Build rs_booking Script";
			runOnlyForDeploymentPostprocessing = 0;
			shellPath = /bin/sh;
			shellScript = "set -e\nset -u\nsource \"${SRCROOT}/../../rs-booking/.ios/Flutter/flutter_export_environment.sh\"\nexport VERBOSE_SCRIPT_LOGGING=1 && \"$FLUTTER_ROOT\"/packages/flutter_tools/bin/xcode_backend.sh build";
		};
/* End PBXShellScriptBuildPhase section */

/* Begin PBXSourcesBuildPhase section */
		2974E9B72EDAE0D500C9096D /* Sources */ = {
			isa = PBXSourcesBuildPhase;
			buildActionMask = 2147483647;
			files = (
			);
			runOnlyForDeploymentPostprocessing = 0;
		};
		2974E9C82EDAE0D700C9096D /* Sources */ = {
			isa = PBXSourcesBuildPhase;
			buildActionMask = 2147483647;
			files = (
			);
			runOnlyForDeploymentPostprocessing = 0;
		};
		2974E9D22EDAE0D700C9096D /* Sources */ = {
			isa = PBXSourcesBuildPhase;
			buildActionMask = 2147483647;
			files = (
			);
			runOnlyForDeploymentPostprocessing = 0;
		};
/* End PBXSourcesBuildPhase section */

/* Begin PBXTargetDependency section */
		2974E9CE2EDAE0D700C9096D /* PBXTargetDependency */ = {
			isa = PBXTargetDependency;
			target = 2974E9BA2EDAE0D500C9096D /* ios_simple */;
			targetProxy = 2974E9CD2EDAE0D700C9096D /* PBXContainerItemProxy */;
		};
		2974E9D82EDAE0D700C9096D /* PBXTargetDependency */ = {
			isa = PBXTargetDependency;
			target = 2974E9BA2EDAE0D500C9096D /* ios_simple */;
			targetProxy = 2974E9D72EDAE0D700C9096D /* PBXContainerItemProxy */;
		};
/* End PBXTargetDependency section */

/* Begin XCBuildConfiguration section */
		2974E9DE2EDAE0D700C9096D /* Debug */ = {
			isa = XCBuildConfiguration;
			buildSettings = {
				ALWAYS_SEARCH_USER_PATHS = NO;
				ASSETCATALOG_COMPILER_GENERATE_SWIFT_ASSET_SYMBOL_EXTENSIONS = YES;
				CLANG_ANALYZER_NONNULL = YES;
				CLANG_ANALYZER_NUMBER_OBJECT_CONVERSION = YES_AGGRESSIVE;
				CLANG_CXX_LANGUAGE_STANDARD = "gnu++20";
				CLANG_ENABLE_MODULES = YES;
				CLANG_ENABLE_OBJC_ARC = YES;
				CLANG_ENABLE_OBJC_WEAK = YES;
				CLANG_WARN_BLOCK_CAPTURE_AUTORELEASING = YES;
				CLANG_WARN_BOOL_CONVERSION = YES;
				CLANG_WARN_COMMA = YES;
				CLANG_WARN_CONSTANT_CONVERSION = YES;
				CLANG_WARN_DEPRECATED_OBJC_IMPLEMENTATIONS = YES;
				CLANG_WARN_DIRECT_OBJC_ISA_USAGE = YES_ERROR;
				CLANG_WARN_DOCUMENTATION_COMMENTS = YES;
				CLANG_WARN_EMPTY_BODY = YES;
				CLANG_WARN_ENUM_CONVERSION = YES;
				CLANG_WARN_INFINITE_RECURSION = YES;
				CLANG_WARN_INT_CONVERSION = YES;
				CLANG_WARN_NON_LITERAL_NULL_CONVERSION = YES;
				CLANG_WARN_OBJC_IMPLICIT_RETAIN_SELF = YES;
				CLANG_WARN_OBJC_LITERAL_CONVERSION = YES;
				CLANG_WARN_OBJC_ROOT_CLASS = YES_ERROR;
				CLANG_WARN_QUOTED_INCLUDE_IN_FRAMEWORK_HEADER = YES;
				CLANG_WARN_RANGE_LOOP_ANALYSIS = YES;
				CLANG_WARN_STRICT_PROTOTYPES = YES;
				CLANG_WARN_SUSPICIOUS_MOVE = YES;
				CLANG_WARN_UNGUARDED_AVAILABILITY = YES_AGGRESSIVE;
				CLANG_WARN_UNREACHABLE_CODE = YES;
				CLANG_WARN__DUPLICATE_METHOD_MATCH = YES;
				COPY_PHASE_STRIP = NO;
				DEBUG_INFORMATION_FORMAT = dwarf;
				ENABLE_STRICT_OBJC_MSGSEND = YES;
				ENABLE_TESTABILITY = YES;
				ENABLE_USER_SCRIPT_SANDBOXING = YES;
				GCC_C_LANGUAGE_STANDARD = gnu17;
				GCC_DYNAMIC_NO_PIC = NO;
				GCC_NO_COMMON_BLOCKS = YES;
				GCC_OPTIMIZATION_LEVEL = 0;
				GCC_PREPROCESSOR_DEFINITIONS = (
					"DEBUG=1",
					"$(inherited)",
				);
				GCC_WARN_64_TO_32_BIT_CONVERSION = YES;
				GCC_WARN_ABOUT_RETURN_TYPE = YES_ERROR;
				GCC_WARN_UNDECLARED_SELECTOR = YES;
				GCC_WARN_UNINITIALIZED_AUTOS = YES_AGGRESSIVE;
				GCC_WARN_UNUSED_FUNCTION = YES;
				GCC_WARN_UNUSED_VARIABLE = YES;
				LOCALIZATION_PREFERS_STRING_CATALOGS = YES;
				MTL_ENABLE_DEBUG_INFO = INCLUDE_SOURCE;
				MTL_FAST_MATH = YES;
				ONLY_ACTIVE_ARCH = YES;
				SWIFT_ACTIVE_COMPILATION_CONDITIONS = "DEBUG $(inherited)";
				SWIFT_OPTIMIZATION_LEVEL = "-Onone";
			};
			name = Debug;
		};
		2974E9DF2EDAE0D700C9096D /* Release */ = {
			isa = XCBuildConfiguration;
			buildSettings = {
				ALWAYS_SEARCH_USER_PATHS = NO;
				ASSETCATALOG_COMPILER_GENERATE_SWIFT_ASSET_SYMBOL_EXTENSIONS = YES;
				CLANG_ANALYZER_NONNULL = YES;
				CLANG_ANALYZER_NUMBER_OBJECT_CONVERSION = YES_AGGRESSIVE;
				CLANG_CXX_LANGUAGE_STANDARD = "gnu++20";
				CLANG_ENABLE_MODULES = YES;
				CLANG_ENABLE_OBJC_ARC = YES;
				CLANG_ENABLE_OBJC_WEAK = YES;
				CLANG_WARN_BLOCK_CAPTURE_AUTORELEASING = YES;
				CLANG_WARN_BOOL_CONVERSION = YES;
				CLANG_WARN_COMMA = YES;
				CLANG_WARN_CONSTANT_CONVERSION = YES;
				CLANG_WARN_DEPRECATED_OBJC_IMPLEMENTATIONS = YES;
				CLANG_WARN_DIRECT_OBJC_ISA_USAGE = YES_ERROR;
				CLANG_WARN_DOCUMENTATION_COMMENTS = YES;
				CLANG_WARN_EMPTY_BODY = YES;
				CLANG_WARN_ENUM_CONVERSION = YES;
				CLANG_WARN_INFINITE_RECURSION = YES;
				CLANG_WARN_INT_CONVERSION = YES;
				CLANG_WARN_NON_LITERAL_NULL_CONVERSION = YES;
				CLANG_WARN_OBJC_IMPLICIT_RETAIN_SELF = YES;
				CLANG_WARN_OBJC_LITERAL_CONVERSION = YES;
				CLANG_WARN_OBJC_ROOT_CLASS = YES_ERROR;
				CLANG_WARN_QUOTED_INCLUDE_IN_FRAMEWORK_HEADER = YES;
				CLANG_WARN_RANGE_LOOP_ANALYSIS = YES;
				CLANG_WARN_STRICT_PROTOTYPES = YES;
				CLANG_WARN_SUSPICIOUS_MOVE = YES;
				CLANG_WARN_UNGUARDED_AVAILABILITY = YES_AGGRESSIVE;
				CLANG_WARN_UNREACHABLE_CODE = YES;
				CLANG_WARN__DUPLICATE_METHOD_MATCH = YES;
				COPY_PHASE_STRIP = NO;
				DEBUG_INFORMATION_FORMAT = "dwarf-with-dsym";
				ENABLE_NS_ASSERTIONS = NO;
				ENABLE_STRICT_OBJC_MSGSEND = YES;
				ENABLE_USER_SCRIPT_SANDBOXING = YES;
				GCC_C_LANGUAGE_STANDARD = gnu17;
				GCC_NO_COMMON_BLOCKS = YES;
				GCC_WARN_64_TO_32_BIT_CONVERSION = YES;
				GCC_WARN_ABOUT_RETURN_TYPE = YES_ERROR;
				GCC_WARN_UNDECLARED_SELECTOR = YES;
				GCC_WARN_UNINITIALIZED_AUTOS = YES_AGGRESSIVE;
				GCC_WARN_UNUSED_FUNCTION = YES;
				GCC_WARN_UNUSED_VARIABLE = YES;
				LOCALIZATION_PREFERS_STRING_CATALOGS = YES;
				MTL_ENABLE_DEBUG_INFO = NO;
				MTL_FAST_MATH = YES;
				SWIFT_COMPILATION_MODE = wholemodule;
			};
			name = Release;
		};
		2974E9E12EDAE0D700C9096D /* Debug */ = {
			isa = XCBuildConfiguration;
			baseConfigurationReference = 6D606986C5E1442F017B69FD /* Pods-ios_simple.debug.xcconfig */;
			buildSettings = {
				ASSETCATALOG_COMPILER_APPICON_NAME = AppIcon;
				ASSETCATALOG_COMPILER_GLOBAL_ACCENT_COLOR_NAME = AccentColor;
				CODE_SIGN_ENTITLEMENTS = ios_simple/ios_simple.entitlements;
				CODE_SIGN_STYLE = Automatic;
				CURRENT_PROJECT_VERSION = 1;
				DEVELOPMENT_ASSET_PATHS = "\"ios_simple/Preview Content\"";
				DEVELOPMENT_TEAM = 3K93U4PD5B;
				ENABLE_HARDENED_RUNTIME = YES;
				ENABLE_PREVIEWS = YES;
				ENABLE_USER_SCRIPT_SANDBOXING = NO;
				GENERATE_INFOPLIST_FILE = YES;
				"INFOPLIST_KEY_UIApplicationSceneManifest_Generation[sdk=iphoneos*]" = YES;
				"INFOPLIST_KEY_UIApplicationSceneManifest_Generation[sdk=iphonesimulator*]" = YES;
				"INFOPLIST_KEY_UIApplicationSupportsIndirectInputEvents[sdk=iphoneos*]" = YES;
				"INFOPLIST_KEY_UIApplicationSupportsIndirectInputEvents[sdk=iphonesimulator*]" = YES;
				"INFOPLIST_KEY_UILaunchScreen_Generation[sdk=iphoneos*]" = YES;
				"INFOPLIST_KEY_UILaunchScreen_Generation[sdk=iphonesimulator*]" = YES;
				"INFOPLIST_KEY_UIStatusBarStyle[sdk=iphoneos*]" = UIStatusBarStyleDefault;
				"INFOPLIST_KEY_UIStatusBarStyle[sdk=iphonesimulator*]" = UIStatusBarStyleDefault;
				INFOPLIST_KEY_UISupportedInterfaceOrientations_iPad = "UIInterfaceOrientationPortrait UIInterfaceOrientationPortraitUpsideDown UIInterfaceOrientationLandscapeLeft UIInterfaceOrientationLandscapeRight";
				INFOPLIST_KEY_UISupportedInterfaceOrientations_iPhone = "UIInterfaceOrientationPortrait UIInterfaceOrientationLandscapeLeft UIInterfaceOrientationLandscapeRight";
				IPHONEOS_DEPLOYMENT_TARGET = 18.1;
				LD_RUNPATH_SEARCH_PATHS = "@executable_path/Frameworks";
				"LD_RUNPATH_SEARCH_PATHS[sdk=macosx*]" = "@executable_path/../Frameworks";
				MACOSX_DEPLOYMENT_TARGET = 15.1;
				MARKETING_VERSION = 1.0;
				PRODUCT_BUNDLE_IDENTIFIER = "ai.restosuite.online.ios-simple";
				PRODUCT_NAME = "$(TARGET_NAME)";
				SDKROOT = auto;
				SUPPORTED_PLATFORMS = "iphoneos iphonesimulator macosx xros xrsimulator";
				SWIFT_EMIT_LOC_STRINGS = YES;
				SWIFT_VERSION = 5.0;
				TARGETED_DEVICE_FAMILY = "1,2,7";
				XROS_DEPLOYMENT_TARGET = 2.1;
			};
			name = Debug;
		};
		2974E9E22EDAE0D700C9096D /* Release */ = {
			isa = XCBuildConfiguration;
			baseConfigurationReference = B55575942BF5F2250B5B4F71 /* Pods-ios_simple.release.xcconfig */;
			buildSettings = {
				ASSETCATALOG_COMPILER_APPICON_NAME = AppIcon;
				ASSETCATALOG_COMPILER_GLOBAL_ACCENT_COLOR_NAME = AccentColor;
				CODE_SIGN_ENTITLEMENTS = ios_simple/ios_simple.entitlements;
				CODE_SIGN_STYLE = Automatic;
				CURRENT_PROJECT_VERSION = 1;
				DEVELOPMENT_ASSET_PATHS = "\"ios_simple/Preview Content\"";
				DEVELOPMENT_TEAM = 3K93U4PD5B;
				ENABLE_HARDENED_RUNTIME = YES;
				ENABLE_PREVIEWS = YES;
				ENABLE_USER_SCRIPT_SANDBOXING = NO;
				GENERATE_INFOPLIST_FILE = YES;
				"INFOPLIST_KEY_UIApplicationSceneManifest_Generation[sdk=iphoneos*]" = YES;
				"INFOPLIST_KEY_UIApplicationSceneManifest_Generation[sdk=iphonesimulator*]" = YES;
				"INFOPLIST_KEY_UIApplicationSupportsIndirectInputEvents[sdk=iphoneos*]" = YES;
				"INFOPLIST_KEY_UIApplicationSupportsIndirectInputEvents[sdk=iphonesimulator*]" = YES;
				"INFOPLIST_KEY_UILaunchScreen_Generation[sdk=iphoneos*]" = YES;
				"INFOPLIST_KEY_UILaunchScreen_Generation[sdk=iphonesimulator*]" = YES;
				"INFOPLIST_KEY_UIStatusBarStyle[sdk=iphoneos*]" = UIStatusBarStyleDefault;
				"INFOPLIST_KEY_UIStatusBarStyle[sdk=iphonesimulator*]" = UIStatusBarStyleDefault;
				INFOPLIST_KEY_UISupportedInterfaceOrientations_iPad = "UIInterfaceOrientationPortrait UIInterfaceOrientationPortraitUpsideDown UIInterfaceOrientationLandscapeLeft UIInterfaceOrientationLandscapeRight";
				INFOPLIST_KEY_UISupportedInterfaceOrientations_iPhone = "UIInterfaceOrientationPortrait UIInterfaceOrientationLandscapeLeft UIInterfaceOrientationLandscapeRight";
				IPHONEOS_DEPLOYMENT_TARGET = 18.1;
				LD_RUNPATH_SEARCH_PATHS = "@executable_path/Frameworks";
				"LD_RUNPATH_SEARCH_PATHS[sdk=macosx*]" = "@executable_path/../Frameworks";
				MACOSX_DEPLOYMENT_TARGET = 15.1;
				MARKETING_VERSION = 1.0;
				PRODUCT_BUNDLE_IDENTIFIER = "ai.restosuite.online.ios-simple";
				PRODUCT_NAME = "$(TARGET_NAME)";
				SDKROOT = auto;
				SUPPORTED_PLATFORMS = "iphoneos iphonesimulator macosx xros xrsimulator";
				SWIFT_EMIT_LOC_STRINGS = YES;
				SWIFT_VERSION = 5.0;
				TARGETED_DEVICE_FAMILY = "1,2,7";
				XROS_DEPLOYMENT_TARGET = 2.1;
			};
			name = Release;
		};
		2974E9E42EDAE0D700C9096D /* Debug */ = {
			isa = XCBuildConfiguration;
			buildSettings = {
				BUNDLE_LOADER = "$(TEST_HOST)";
				CODE_SIGN_STYLE = Automatic;
				CURRENT_PROJECT_VERSION = 1;
				DEVELOPMENT_TEAM = 3K93U4PD5B;
				GENERATE_INFOPLIST_FILE = YES;
				IPHONEOS_DEPLOYMENT_TARGET = 18.1;
				MACOSX_DEPLOYMENT_TARGET = 15.1;
				MARKETING_VERSION = 1.0;
				PRODUCT_BUNDLE_IDENTIFIER = "ai.restosuite.online.ios-simpleTests";
				PRODUCT_NAME = "$(TARGET_NAME)";
				SDKROOT = auto;
				SUPPORTED_PLATFORMS = "iphoneos iphonesimulator macosx xros xrsimulator";
				SWIFT_EMIT_LOC_STRINGS = NO;
				SWIFT_VERSION = 5.0;
				TARGETED_DEVICE_FAMILY = "1,2,7";
				TEST_HOST = "$(BUILT_PRODUCTS_DIR)/ios_simple.app/$(BUNDLE_EXECUTABLE_FOLDER_PATH)/ios_simple";
				XROS_DEPLOYMENT_TARGET = 2.1;
			};
			name = Debug;
		};
		2974E9E52EDAE0D700C9096D /* Release */ = {
			isa = XCBuildConfiguration;
			buildSettings = {
				BUNDLE_LOADER = "$(TEST_HOST)";
				CODE_SIGN_STYLE = Automatic;
				CURRENT_PROJECT_VERSION = 1;
				DEVELOPMENT_TEAM = 3K93U4PD5B;
				GENERATE_INFOPLIST_FILE = YES;
				IPHONEOS_DEPLOYMENT_TARGET = 18.1;
				MACOSX_DEPLOYMENT_TARGET = 15.1;
				MARKETING_VERSION = 1.0;
				PRODUCT_BUNDLE_IDENTIFIER = "ai.restosuite.online.ios-simpleTests";
				PRODUCT_NAME = "$(TARGET_NAME)";
				SDKROOT = auto;
				SUPPORTED_PLATFORMS = "iphoneos iphonesimulator macosx xros xrsimulator";
				SWIFT_EMIT_LOC_STRINGS = NO;
				SWIFT_VERSION = 5.0;
				TARGETED_DEVICE_FAMILY = "1,2,7";
				TEST_HOST = "$(BUILT_PRODUCTS_DIR)/ios_simple.app/$(BUNDLE_EXECUTABLE_FOLDER_PATH)/ios_simple";
				XROS_DEPLOYMENT_TARGET = 2.1;
			};
			name = Release;
		};
		2974E9E72EDAE0D700C9096D /* Debug */ = {
			isa = XCBuildConfiguration;
			buildSettings = {
				CODE_SIGN_STYLE = Automatic;
				CURRENT_PROJECT_VERSION = 1;
				DEVELOPMENT_TEAM = 3K93U4PD5B;
				GENERATE_INFOPLIST_FILE = YES;
				IPHONEOS_DEPLOYMENT_TARGET = 18.1;
				MACOSX_DEPLOYMENT_TARGET = 15.1;
				MARKETING_VERSION = 1.0;
				PRODUCT_BUNDLE_IDENTIFIER = "ai.restosuite.online.ios-simpleUITests";
				PRODUCT_NAME = "$(TARGET_NAME)";
				SDKROOT = auto;
				SUPPORTED_PLATFORMS = "iphoneos iphonesimulator macosx xros xrsimulator";
				SWIFT_EMIT_LOC_STRINGS = NO;
				SWIFT_VERSION = 5.0;
				TARGETED_DEVICE_FAMILY = "1,2,7";
				TEST_TARGET_NAME = ios_simple;
				XROS_DEPLOYMENT_TARGET = 2.1;
			};
			name = Debug;
		};
		2974E9E82EDAE0D700C9096D /* Release */ = {
			isa = XCBuildConfiguration;
			buildSettings = {
				CODE_SIGN_STYLE = Automatic;
				CURRENT_PROJECT_VERSION = 1;
				DEVELOPMENT_TEAM = 3K93U4PD5B;
				GENERATE_INFOPLIST_FILE = YES;
				IPHONEOS_DEPLOYMENT_TARGET = 18.1;
				MACOSX_DEPLOYMENT_TARGET = 15.1;
				MARKETING_VERSION = 1.0;
				PRODUCT_BUNDLE_IDENTIFIER = "ai.restosuite.online.ios-simpleUITests";
				PRODUCT_NAME = "$(TARGET_NAME)";
				SDKROOT = auto;
				SUPPORTED_PLATFORMS = "iphoneos iphonesimulator macosx xros xrsimulator";
				SWIFT_EMIT_LOC_STRINGS = NO;
				SWIFT_VERSION = 5.0;
				TARGETED_DEVICE_FAMILY = "1,2,7";
				TEST_TARGET_NAME = ios_simple;
				XROS_DEPLOYMENT_TARGET = 2.1;
			};
			name = Release;
		};
/* End XCBuildConfiguration section */

/* Begin XCConfigurationList section */
		2974E9B62EDAE0D500C9096D /* Build configuration list for PBXProject "ios_simple" */ = {
			isa = XCConfigurationList;
			buildConfigurations = (
				2974E9DE2EDAE0D700C9096D /* Debug */,
				2974E9DF2EDAE0D700C9096D /* Release */,
			);
			defaultConfigurationIsVisible = 0;
			defaultConfigurationName = Release;
		};
		2974E9E02EDAE0D700C9096D /* Build configuration list for PBXNativeTarget "ios_simple" */ = {
			isa = XCConfigurationList;
			buildConfigurations = (
				2974E9E12EDAE0D700C9096D /* Debug */,
				2974E9E22EDAE0D700C9096D /* Release */,
			);
			defaultConfigurationIsVisible = 0;
			defaultConfigurationName = Release;
		};
		2974E9E32EDAE0D700C9096D /* Build configuration list for PBXNativeTarget "ios_simpleTests" */ = {
			isa = XCConfigurationList;
			buildConfigurations = (
				2974E9E42EDAE0D700C9096D /* Debug */,
				2974E9E52EDAE0D700C9096D /* Release */,
			);
			defaultConfigurationIsVisible = 0;
			defaultConfigurationName = Release;
		};
		2974E9E62EDAE0D700C9096D /* Build configuration list for PBXNativeTarget "ios_simpleUITests" */ = {
			isa = XCConfigurationList;
			buildConfigurations = (
				2974E9E72EDAE0D700C9096D /* Debug */,
				2974E9E82EDAE0D700C9096D /* Release */,
			);
			defaultConfigurationIsVisible = 0;
			defaultConfigurationName = Release;
		};
/* End XCConfigurationList section */
	};
	rootObject = 2974E9B32EDAE0D500C9096D /* Project object */;
}
